{
  "name": "traphouse-site",
  "lockfileVersion": 3,
  "requires": true,
  "packages": {
    "": {
      "name": "traphouse-site",
      "dependencies": {
        "@neondatabase/serverless": "^1.0.1"
      },
      "devDependencies": {
        "@electric-sql/pglite": "^0.5.5"
      }
    },
    "node_modules/@electric-sql/pglite": {
      "version": "0.5.5",
      "resolved": "https://registry.npmjs.org/@electric-sql/pglite/-/pglite-0.5.5.tgz",
      "integrity": "sha512-QeZ+oB7QaU4EJj2awrB8hwFZ5TXxLRBQ9Gfq0dQauYDdWsRtuWRCERgtri35vRfL07KQHlVlc/4Qxvn7a5AXeA==",
      "dev": true,
      "license": "Apache-2.0"
    },
    "node_modules/@neondatabase/serverless": {
      "version": "1.1.0",
      "resolved": "https://registry.npmjs.org/@neondatabase/serverless/-/serverless-1.1.0.tgz",
      "integrity": "sha512-r3ZZhRjEcfEdKIZnoB1RusNgvHuaBRqfCzV4Gi+5A9yUX0S4HTws/ASWqt13wL4y4I+0rqsWGdA2w7EQXHi3+Q==",
      "license": "MIT",
      "engines": {
        "node": ">=19.0.0"
      }
    }
  }
}
